
Microsoft Visual Studio Solution File, Format Version 12.00
# Visual Studio Version 16
VisualStudioVersion = 16.0.810.25
MinimumVisualStudioVersion = 10.0.40219.1
Project("{FAE04EC0-301F-11D3-BF4B-00C04F79EFBC}") = "webcalculator", "webcalculator\webcalculator.csproj", "{5CB87323-0974-4A40-9A03-C52CEC437950}"
EndProject
Global
	GlobalSection(SolutionConfigurationPlatforms) = preSolution
		Debug|Any CPU = Debug|Any CPU
		Release|Any CPU = Release|Any CPU
	EndGlobalSection
	GlobalSection(ProjectConfigurationPlatforms) = postSolution
		{5CB87323-0974-4A40-9A03-C52CEC437950}.Debug|Any CPU.ActiveCfg = Debug|Any CPU
		{5CB87323-0974-4A40-9A03-C52CEC437950}.Debug|Any CPU.Build.0 = Debug|Any CPU
		{5CB87323-0974-4A40-9A03-C52CEC437950}.Release|Any CPU.ActiveCfg = Release|Any CPU
		{5CB87323-0974-4A40-9A03-C52CEC437950}.Release|Any CPU.Build.0 = Release|Any CPU
	EndGlobalSection
	GlobalSection(SolutionProperties) = preSolution
		HideSolutionNode = FALSE
	EndGlobalSection
	GlobalSection(ExtensibilityGlobals) = postSolution
		SolutionGuid = {60F45158-89FA-4CCC-9797-7B583CECA90A}
	EndGlobalSection
EndGlobal
